
Microsoft Visual Studio Solution File, Format Version 12.00
# Visual Studio 15
VisualStudioVersion = 15.0.26403.7
MinimumVisualStudioVersion = 15.0.26124.0
Project("{9A19103F-16F7-4668-BE54-9A1E7A4F7556}") = "PiggyMetrics.StatisticsService", "PiggyMetrics.StatisticsService\PiggyMetrics.StatisticsService.csproj", "{3872F6E7-0213-4328-B54E-D7CB93AB7E29}"
EndProject
Project("{9A19103F-16F7-4668-BE54-9A1E7A4F7556}") = "PiggyMetrics.NotificationService", "PiggyMetrics.NotificationService\PiggyMetrics.NotificationService.csproj", "{06342D2B-CE2F-47F9-80B7-69DB84166966}"
EndProject
Project("{9A19103F-16F7-4668-BE54-9A1E7A4F7556}") = "PiggyMetrics.Common", "PiggyMetrics.Common\PiggyMetrics.Common.csproj", "{F4F6E0AB-A93B-4184-BED0-E7C899B82552}"
EndProject
Project("{9A19103F-16F7-4668-BE54-9A1E7A4F7556}") = "PiggyMetrics.AuthService", "PiggyMetrics.AuthService\PiggyMetrics.AuthService.csproj", "{CD03D615-B6B5-4798-B490-70A7DE06BA45}"
EndProject
Project("{9A19103F-16F7-4668-BE54-9A1E7A4F7556}") = "PiggyMetrics.AccountService", "PiggyMetrics.AccountService\PiggyMetrics.AccountService.csproj", "{7EF46EFD-6997-4E2A-A393-D377590494C8}"
EndProject
Project("{9A19103F-16F7-4668-BE54-9A1E7A4F7556}") = "PiggyMetrics.Gateway", "PiggyMetrics.Gateway\PiggyMetrics.Gateway.csproj", "{D5BC60F6-44A3-465C-B120-EEF0AD53F0B9}"
EndProject
Global
	GlobalSection(SolutionConfigurationPlatforms) = preSolution
		Debug|Any CPU = Debug|Any CPU
		Debug|x64 = Debug|x64
		Debug|x86 = Debug|x86
		Release|Any CPU = Release|Any CPU
		Release|x64 = Release|x64
		Release|x86 = Release|x86
	EndGlobalSection
	GlobalSection(ProjectConfigurationPlatforms) = postSolution
		{3872F6E7-0213-4328-B54E-D7CB93AB7E29}.Debug|Any CPU.ActiveCfg = Debug|Any CPU
		{3872F6E7-0213-4328-B54E-D7CB93AB7E29}.Debug|Any CPU.Build.0 = Debug|Any CPU
		{3872F6E7-0213-4328-B54E-D7CB93AB7E29}.Debug|x64.ActiveCfg = Debug|Any CPU
		{3872F6E7-0213-4328-B54E-D7CB93AB7E29}.Debug|x64.Build.0 = Debug|Any CPU
		{3872F6E7-0213-4328-B54E-D7CB93AB7E29}.Debug|x86.ActiveCfg = Debug|Any CPU
		{3872F6E7-0213-4328-B54E-D7CB93AB7E29}.Debug|x86.Build.0 = Debug|Any CPU
		{3872F6E7-0213-4328-B54E-D7CB93AB7E29}.Release|Any CPU.ActiveCfg = Release|Any CPU
		{3872F6E7-0213-4328-B54E-D7CB93AB7E29}.Release|Any CPU.Build.0 = Release|Any CPU
		{3872F6E7-0213-4328-B54E-D7CB93AB7E29}.Release|x64.ActiveCfg = Release|Any CPU
		{3872F6E7-0213-4328-B54E-D7CB93AB7E29}.Release|x64.Build.0 = Release|Any CPU
		{3872F6E7-0213-4328-B54E-D7CB93AB7E29}.Release|x86.ActiveCfg = Release|Any CPU
		{3872F6E7-0213-4328-B54E-D7CB93AB7E29}.Release|x86.Build.0 = Release|Any CPU
		{06342D2B-CE2F-47F9-80B7-69DB84166966}.Debug|Any CPU.ActiveCfg = Debug|Any CPU
		{06342D2B-CE2F-47F9-80B7-69DB84166966}.Debug|Any CPU.Build.0 = Debug|Any CPU
		{06342D2B-CE2F-47F9-80B7-69DB84166966}.Debug|x64.ActiveCfg = Debug|Any CPU
		{06342D2B-CE2F-47F9-80B7-69DB84166966}.Debug|x64.Build.0 = Debug|Any CPU
		{06342D2B-CE2F-47F9-80B7-69DB84166966}.Debug|x86.ActiveCfg = Debug|Any CPU
		{06342D2B-CE2F-47F9-80B7-69DB84166966}.Debug|x86.Build.0 = Debug|Any CPU
		{06342D2B-CE2F-47F9-80B7-69DB84166966}.Release|Any CPU.ActiveCfg = Release|Any CPU
		{06342D2B-CE2F-47F9-80B7-69DB84166966}.Release|Any CPU.Build.0 = Release|Any CPU
		{06342D2B-CE2F-47F9-80B7-69DB84166966}.Release|x64.ActiveCfg = Release|Any CPU
		{06342D2B-CE2F-47F9-80B7-69DB84166966}.Release|x64.Build.0 = Release|Any CPU
		{06342D2B-CE2F-47F9-80B7-69DB84166966}.Release|x86.ActiveCfg = Release|Any CPU
		{06342D2B-CE2F-47F9-80B7-69DB84166966}.Release|x86.Build.0 = Release|Any CPU
		{F4F6E0AB-A93B-4184-BED0-E7C899B82552}.Debug|Any CPU.ActiveCfg = Debug|Any CPU
		{F4F6E0AB-A93B-4184-BED0-E7C899B82552}.Debug|Any CPU.Build.0 = Debug|Any CPU
		{F4F6E0AB-A93B-4184-BED0-E7C899B82552}.Debug|x64.ActiveCfg = Debug|Any CPU
		{F4F6E0AB-A93B-4184-BED0-E7C899B82552}.Debug|x64.Build.0 = Debug|Any CPU
		{F4F6E0AB-A93B-4184-BED0-E7C899B82552}.Debug|x86.ActiveCfg = Debug|Any CPU
		{F4F6E0AB-A93B-4184-BED0-E7C899B82552}.Debug|x86.Build.0 = Debug|Any CPU
		{F4F6E0AB-A93B-4184-BED0-E7C899B82552}.Release|Any CPU.ActiveCfg = Release|Any CPU
		{F4F6E0AB-A93B-4184-BED0-E7C899B82552}.Release|Any CPU.Build.0 = Release|Any CPU
		{F4F6E0AB-A93B-4184-BED0-E7C899B82552}.Release|x64.ActiveCfg = Release|Any CPU
		{F4F6E0AB-A93B-4184-BED0-E7C899B82552}.Release|x64.Build.0 = Release|Any CPU
		{F4F6E0AB-A93B-4184-BED0-E7C899B82552}.Release|x86.ActiveCfg = Release|Any CPU
		{F4F6E0AB-A93B-4184-BED0-E7C899B82552}.Release|x86.Build.0 = Release|Any CPU
		{CD03D615-B6B5-4798-B490-70A7DE06BA45}.Debug|Any CPU.ActiveCfg = Debug|Any CPU
		{CD03D615-B6B5-4798-B490-70A7DE06BA45}.Debug|Any CPU.Build.0 = Debug|Any CPU
		{CD03D615-B6B5-4798-B490-70A7DE06BA45}.Debug|x64.ActiveCfg = Debug|Any CPU
		{CD03D615-B6B5-4798-B490-70A7DE06BA45}.Debug|x64.Build.0 = Debug|Any CPU
		{CD03D615-B6B5-4798-B490-70A7DE06BA45}.Debug|x86.ActiveCfg = Debug|Any CPU
		{CD03D615-B6B5-4798-B490-70A7DE06BA45}.Debug|x86.Build.0 = Debug|Any CPU
		{CD03D615-B6B5-4798-B490-70A7DE06BA45}.Release|Any CPU.ActiveCfg = Release|Any CPU
		{CD03D615-B6B5-4798-B490-70A7DE06BA45}.Release|Any CPU.Build.0 = Release|Any CPU
		{CD03D615-B6B5-4798-B490-70A7DE06BA45}.Release|x64.ActiveCfg = Release|Any CPU
		{CD03D615-B6B5-4798-B490-70A7DE06BA45}.Release|x64.Build.0 = Release|Any CPU
		{CD03D615-B6B5-4798-B490-70A7DE06BA45}.Release|x86.ActiveCfg = Release|Any CPU
		{CD03D615-B6B5-4798-B490-70A7DE06BA45}.Release|x86.Build.0 = Release|Any CPU
		{7EF46EFD-6997-4E2A-A393-D377590494C8}.Debug|Any CPU.ActiveCfg = Debug|Any CPU
		{7EF46EFD-6997-4E2A-A393-D377590494C8}.Debug|Any CPU.Build.0 = Debug|Any CPU
		{7EF46EFD-6997-4E2A-A393-D377590494C8}.Debug|x64.ActiveCfg = Debug|Any CPU
		{7EF46EFD-6997-4E2A-A393-D377590494C8}.Debug|x64.Build.0 = Debug|Any CPU
		{7EF46EFD-6997-4E2A-A393-D377590494C8}.Debug|x86.ActiveCfg = Debug|Any CPU
		{7EF46EFD-6997-4E2A-A393-D377590494C8}.Debug|x86.Build.0 = Debug|Any CPU
		{7EF46EFD-6997-4E2A-A393-D377590494C8}.Release|Any CPU.ActiveCfg = Release|Any CPU
		{7EF46EFD-6997-4E2A-A393-D377590494C8}.Release|Any CPU.Build.0 = Release|Any CPU
		{7EF46EFD-6997-4E2A-A393-D377590494C8}.Release|x64.ActiveCfg = Release|Any CPU
		{7EF46EFD-6997-4E2A-A393-D377590494C8}.Release|x64.Build.0 = Release|Any CPU
		{7EF46EFD-6997-4E2A-A393-D377590494C8}.Release|x86.ActiveCfg = Release|Any CPU
		{7EF46EFD-6997-4E2A-A393-D377590494C8}.Release|x86.Build.0 = Release|Any CPU
		{D5BC60F6-44A3-465C-B120-EEF0AD53F0B9}.Debug|Any CPU.ActiveCfg = Debug|Any CPU
		{D5BC60F6-44A3-465C-B120-EEF0AD53F0B9}.Debug|Any CPU.Build.0 = Debug|Any CPU
		{D5BC60F6-44A3-465C-B120-EEF0AD53F0B9}.Debug|x64.ActiveCfg = Debug|Any CPU
		{D5BC60F6-44A3-465C-B120-EEF0AD53F0B9}.Debug|x64.Build.0 = Debug|Any CPU
		{D5BC60F6-44A3-465C-B120-EEF0AD53F0B9}.Debug|x86.ActiveCfg = Debug|Any CPU
		{D5BC60F6-44A3-465C-B120-EEF0AD53F0B9}.Debug|x86.Build.0 = Debug|Any CPU
		{D5BC60F6-44A3-465C-B120-EEF0AD53F0B9}.Release|Any CPU.ActiveCfg = Release|Any CPU
		{D5BC60F6-44A3-465C-B120-EEF0AD53F0B9}.Release|Any CPU.Build.0 = Release|Any CPU
		{D5BC60F6-44A3-465C-B120-EEF0AD53F0B9}.Release|x64.ActiveCfg = Release|Any CPU
		{D5BC60F6-44A3-465C-B120-EEF0AD53F0B9}.Release|x64.Build.0 = Release|Any CPU
		{D5BC60F6-44A3-465C-B120-EEF0AD53F0B9}.Release|x86.ActiveCfg = Release|Any CPU
		{D5BC60F6-44A3-465C-B120-EEF0AD53F0B9}.Release|x86.Build.0 = Release|Any CPU
	EndGlobalSection
	GlobalSection(SolutionProperties) = preSolution
		HideSolutionNode = FALSE
	EndGlobalSection
EndGlobal
